
Microsoft Visual Studio Solution File, Format Version 12.00
# Visual Studio Version 16
VisualStudioVersion = 16.0.30523.141
MinimumVisualStudioVersion = 10.0.40219.1
Project("{FAE04EC0-301F-11D3-BF4B-00C04F79EFBC}") = "AdressBoken", "AdressBoken.csproj", "{63EFF304-B298-425C-9FB8-0893F5D350AD}"
EndProject
Global
	GlobalSection(SolutionConfigurationPlatforms) = preSolution
		Debug|Any CPU = Debug|Any CPU
		Release|Any CPU = Release|Any CPU
	EndGlobalSection
	GlobalSection(ProjectConfigurationPlatforms) = postSolution
		{63EFF304-B298-425C-9FB8-0893F5D350AD}.Debug|Any CPU.ActiveCfg = Debug|Any CPU
		{63EFF304-B298-425C-9FB8-0893F5D350AD}.Debug|Any CPU.Build.0 = Debug|Any CPU
		{63EFF304-B298-425C-9FB8-0893F5D350AD}.Release|Any CPU.ActiveCfg = Release|Any CPU
		{63EFF304-B298-425C-9FB8-0893F5D350AD}.Release|Any CPU.Build.0 = Release|Any CPU
	EndGlobalSection
	GlobalSection(SolutionProperties) = preSolution
		HideSolutionNode = FALSE
	EndGlobalSection
	GlobalSection(ExtensibilityGlobals) = postSolution
		SolutionGuid = {32439665-966B-4D8B-A521-BB23C002811F}
	EndGlobalSection
EndGlobal
